
Microsoft Visual Studio Solution File, Format Version 12.00
# Visual Studio 15
VisualStudioVersion = 15.0.26430.16
MinimumVisualStudioVersion = 10.0.40219.1
Project("{8BC9CEB8-8B4A-11D0-8D11-00A0C91BC942}") = "04.MicroAndCoins", "04.MicroAndCoins\04.MicroAndCoins.vcxproj", "{1C6BAF71-1061-41F8-A870-AD32497D3622}"
EndProject
Project("{8BC9CEB8-8B4A-11D0-8D11-00A0C91BC942}") = "03.OliverAndTheGame", "03.OliverAndTheGame\03.OliverAndTheGame.vcxproj", "{AB5A268F-DB71-469D-B9A5-33AB53BE52BE}"
EndProject
Project("{8BC9CEB8-8B4A-11D0-8D11-00A0C91BC942}") = "02.RhezoAndHackerEarth", "02.RhezoAndHackerEarth\02.RhezoAndHackerEarth.vcxproj", "{0978462D-C27D-4877-88A4-DE6E30DE17F7}"
EndProject
Project("{8BC9CEB8-8B4A-11D0-8D11-00A0C91BC942}") = "01.RhezoАndDestructiveMind", "01.RhezoАndDestructiveMind\01.RhezoАndDestructiveMind.vcxproj", "{DE84CE10-F0F1-41D5-8919-801D2EBB9443}"
EndProject
Global
	GlobalSection(SolutionConfigurationPlatforms) = preSolution
		Debug|x64 = Debug|x64
		Debug|x86 = Debug|x86
		Release|x64 = Release|x64
		Release|x86 = Release|x86
	EndGlobalSection
	GlobalSection(ProjectConfigurationPlatforms) = postSolution
		{1C6BAF71-1061-41F8-A870-AD32497D3622}.Debug|x64.ActiveCfg = Debug|x64
		{1C6BAF71-1061-41F8-A870-AD32497D3622}.Debug|x64.Build.0 = Debug|x64
		{1C6BAF71-1061-41F8-A870-AD32497D3622}.Debug|x86.ActiveCfg = Debug|Win32
		{1C6BAF71-1061-41F8-A870-AD32497D3622}.Debug|x86.Build.0 = Debug|Win32
		{1C6BAF71-1061-41F8-A870-AD32497D3622}.Release|x64.ActiveCfg = Release|x64
		{1C6BAF71-1061-41F8-A870-AD32497D3622}.Release|x64.Build.0 = Release|x64
		{1C6BAF71-1061-41F8-A870-AD32497D3622}.Release|x86.ActiveCfg = Release|Win32
		{1C6BAF71-1061-41F8-A870-AD32497D3622}.Release|x86.Build.0 = Release|Win32
		{AB5A268F-DB71-469D-B9A5-33AB53BE52BE}.Debug|x64.ActiveCfg = Debug|x64
		{AB5A268F-DB71-469D-B9A5-33AB53BE52BE}.Debug|x64.Build.0 = Debug|x64
		{AB5A268F-DB71-469D-B9A5-33AB53BE52BE}.Debug|x86.ActiveCfg = Debug|Win32
		{AB5A268F-DB71-469D-B9A5-33AB53BE52BE}.Debug|x86.Build.0 = Debug|Win32
		{AB5A268F-DB71-469D-B9A5-33AB53BE52BE}.Release|x64.ActiveCfg = Release|x64
		{AB5A268F-DB71-469D-B9A5-33AB53BE52BE}.Release|x64.Build.0 = Release|x64
		{AB5A268F-DB71-469D-B9A5-33AB53BE52BE}.Release|x86.ActiveCfg = Release|Win32
		{AB5A268F-DB71-469D-B9A5-33AB53BE52BE}.Release|x86.Build.0 = Release|Win32
		{0978462D-C27D-4877-88A4-DE6E30DE17F7}.Debug|x64.ActiveCfg = Debug|x64
		{0978462D-C27D-4877-88A4-DE6E30DE17F7}.Debug|x64.Build.0 = Debug|x64
		{0978462D-C27D-4877-88A4-DE6E30DE17F7}.Debug|x86.ActiveCfg = Debug|Win32
		{0978462D-C27D-4877-88A4-DE6E30DE17F7}.Debug|x86.Build.0 = Debug|Win32
		{0978462D-C27D-4877-88A4-DE6E30DE17F7}.Release|x64.ActiveCfg = Release|x64
		{0978462D-C27D-4877-88A4-DE6E30DE17F7}.Release|x64.Build.0 = Release|x64
		{0978462D-C27D-4877-88A4-DE6E30DE17F7}.Release|x86.ActiveCfg = Release|Win32
		{0978462D-C27D-4877-88A4-DE6E30DE17F7}.Release|x86.Build.0 = Release|Win32
		{DE84CE10-F0F1-41D5-8919-801D2EBB9443}.Debug|x64.ActiveCfg = Debug|x64
		{DE84CE10-F0F1-41D5-8919-801D2EBB9443}.Debug|x64.Build.0 = Debug|x64
		{DE84CE10-F0F1-41D5-8919-801D2EBB9443}.Debug|x86.ActiveCfg = Debug|Win32
		{DE84CE10-F0F1-41D5-8919-801D2EBB9443}.Debug|x86.Build.0 = Debug|Win32
		{DE84CE10-F0F1-41D5-8919-801D2EBB9443}.Release|x64.ActiveCfg = Release|x64
		{DE84CE10-F0F1-41D5-8919-801D2EBB9443}.Release|x64.Build.0 = Release|x64
		{DE84CE10-F0F1-41D5-8919-801D2EBB9443}.Release|x86.ActiveCfg = Release|Win32
		{DE84CE10-F0F1-41D5-8919-801D2EBB9443}.Release|x86.Build.0 = Release|Win32
	EndGlobalSection
	GlobalSection(SolutionProperties) = preSolution
		HideSolutionNode = FALSE
	EndGlobalSection
EndGlobal
